
Microsoft Visual Studio Solution File, Format Version 12.00
# Visual Studio 15
VisualStudioVersion = 15.0.28010.2003
MinimumVisualStudioVersion = 10.0.40219.1
Project("{FAE04EC0-301F-11D3-BF4B-00C04F79EFBC}") = "ConsoleApp1", "ConsoleApp1\ConsoleApp1.csproj", "{CD597341-3831-4CBC-98F2-FC3B27981364}"
EndProject
Global
	GlobalSection(SolutionConfigurationPlatforms) = preSolution
		Debug|Any CPU = Debug|Any CPU
		Release|Any CPU = Release|Any CPU
	EndGlobalSection
	GlobalSection(ProjectConfigurationPlatforms) = postSolution
		{CD597341-3831-4CBC-98F2-FC3B27981364}.Debug|Any CPU.ActiveCfg = Debug|Any CPU
		{CD597341-3831-4CBC-98F2-FC3B27981364}.Debug|Any CPU.Build.0 = Debug|Any CPU
		{CD597341-3831-4CBC-98F2-FC3B27981364}.Release|Any CPU.ActiveCfg = Release|Any CPU
		{CD597341-3831-4CBC-98F2-FC3B27981364}.Release|Any CPU.Build.0 = Release|Any CPU
	EndGlobalSection
	GlobalSection(SolutionProperties) = preSolution
		HideSolutionNode = FALSE
	EndGlobalSection
	GlobalSection(ExtensibilityGlobals) = postSolution
		SolutionGuid = {8058E35E-7FBD-49D8-BCEA-FD5BFD3783DF}
	EndGlobalSection
EndGlobal
